dependencies:
- name: redis
  repository: https://charts.bitnami.com/bitnami
  version: 20.11.4
- name: mysql
  repository: https://charts.bitnami.com/bitnami
  version: 12.3.2
digest: sha256:a8d9c4e3a27f93aff372fa297eb5aab26ca89131056190ce2475844741b04070
generated: "2025-03-25T10:37:55.090908+08:00"
