dependencies:
- name: redis
  repository: https://charts.bitnami.com/bitnami
  version: 20.11.4
- name: mysql
  repository: https://charts.bitnami.com/bitnami
  version: 12.3.2
- name: postgresql
  repository: https://charts.bitnami.com/bitnami
  version: 16.6.0
digest: sha256:7c5fd6154466615fe0a243df86a562b6e7fdc794e6af88de53544a6ca63deb78
generated: "2025-04-01T16:09:40.004057+08:00"
